{
  "originHash" : "cd393cf4c26db01ae8cf8a260ef2b9d68f7276dcf26ff951fc1cd9c2bb6de962",
  "pins" : [
    {
      "identity" : "alamofire",
      "kind" : "remoteSourceControl",
      "location" : "https://github.com/Alamofire/Alamofire.git",
      "state" : {
        "revision" : "f455c2975872ccd2d9c81594c658af65716e9b9a",
        "version" : "5.9.1"
      }
    },
    {
      "identity" : "starscream",
      "kind" : "remoteSourceControl",
      "location" : "https://github.com/daltoniam/Starscream.git",
      "state" : {
        "revision" : "c6bfd1af48efcc9a9ad203665db12375ba6b145a",
        "version" : "4.0.8"
      }
    },
    {
      "identity" : "swiftsoup",
      "kind" : "remoteSourceControl",
      "location" : "https://github.com/scinfu/SwiftSoup",
      "state" : {
        "revision" : "028487d4a8a291b2fe1b4392b5425b6172056148",
        "version" : "2.7.2"
      }
    },
    {
      "identity" : "swiftui-gif",
      "kind" : "remoteSourceControl",
      "location" : "https://github.com/globulus/swiftui-gif.git",
      "state" : {
        "revision" : "89af6b7e04b0dc0bf97a721d27fc87c4db8e3829",
        "version" : "1.0.1"
      }
    },
    {
      "identity" : "swiftykeychainkit",
      "kind" : "remoteSourceControl",
      "location" : "https://github.com/andriyslyusar/SwiftyKeychainKit.git",
      "state" : {
        "revision" : "4d07ad0b2ec3c43df5ef762d59af22e47b9d1bd2",
        "version" : "1.0.0-beta.2"
      }
    },
    {
      "identity" : "wrappinghstack",
      "kind" : "remoteSourceControl",
      "location" : "https://github.com/dkk/WrappingHStack",
      "state" : {
        "revision" : "425d9488ba55f58f0b34498c64c054c77fc2a44b",
        "version" : "2.2.11"
      }
    }
  ],
  "version" : 3
}
